
Microsoft Visual Studio Solution File, Format Version 12.00
# Visual Studio 2012
Project("{F184B08F-C81C-45F6-A57F-5ABD9991F28F}") = "HORSE AUCTION", "HORSE AUCTION\HORSE AUCTION.vbproj", "{E50AD508-24F0-4299-9F65-F8592F7B79C2}"
EndProject
Global
	GlobalSection(SolutionConfigurationPlatforms) = preSolution
		Debug|Any CPU = Debug|Any CPU
		Release|Any CPU = Release|Any CPU
	EndGlobalSection
	GlobalSection(ProjectConfigurationPlatforms) = postSolution
		{E50AD508-24F0-4299-9F65-F8592F7B79C2}.Debug|Any CPU.ActiveCfg = Debug|Any CPU
		{E50AD508-24F0-4299-9F65-F8592F7B79C2}.Debug|Any CPU.Build.0 = Debug|Any CPU
		{E50AD508-24F0-4299-9F65-F8592F7B79C2}.Release|Any CPU.ActiveCfg = Release|Any CPU
		{E50AD508-24F0-4299-9F65-F8592F7B79C2}.Release|Any CPU.Build.0 = Release|Any CPU
	EndGlobalSection
	GlobalSection(SolutionProperties) = preSolution
		HideSolutionNode = FALSE
	EndGlobalSection
EndGlobal
