
Microsoft Visual Studio Solution File, Format Version 12.00
# Visual Studio 2012
Project("{F184B08F-C81C-45F6-A57F-5ABD9991F28F}") = "STATE CAPITALS", "STATE CAPITALS\STATE CAPITALS.vbproj", "{DDB00CF2-6E73-41B1-92EF-1FADA0F0B599}"
EndProject
Global
	GlobalSection(SolutionConfigurationPlatforms) = preSolution
		Debug|Any CPU = Debug|Any CPU
		Release|Any CPU = Release|Any CPU
	EndGlobalSection
	GlobalSection(ProjectConfigurationPlatforms) = postSolution
		{DDB00CF2-6E73-41B1-92EF-1FADA0F0B599}.Debug|Any CPU.ActiveCfg = Debug|Any CPU
		{DDB00CF2-6E73-41B1-92EF-1FADA0F0B599}.Debug|Any CPU.Build.0 = Debug|Any CPU
		{DDB00CF2-6E73-41B1-92EF-1FADA0F0B599}.Release|Any CPU.ActiveCfg = Release|Any CPU
		{DDB00CF2-6E73-41B1-92EF-1FADA0F0B599}.Release|Any CPU.Build.0 = Release|Any CPU
	EndGlobalSection
	GlobalSection(SolutionProperties) = preSolution
		HideSolutionNode = FALSE
	EndGlobalSection
EndGlobal
