
Microsoft Visual Studio Solution File, Format Version 12.00
# Visual Studio 2012
Project("{F184B08F-C81C-45F6-A57F-5ABD9991F28F}") = "VBPayrollSystem", "VBPayrollSystem\VBPayrollSystem.vbproj", "{A4EA2922-0599-4B8A-83E0-6333025FBF6C}"
EndProject
Project("{F184B08F-C81C-45F6-A57F-5ABD9991F28F}") = "COLOR GAME", "..\COLOR GAME\COLOR GAME\COLOR GAME.vbproj", "{89ADB51B-33F5-4D31-8DED-5B67B039F6F8}"
EndProject
Project("{F184B08F-C81C-45F6-A57F-5ABD9991F28F}") = "GradeComputation", "..\Simple Grade Calculator\GradeComputation\GradeComputation.vbproj", "{064FD688-FB68-4EA8-9477-9E32B65B43E0}"
EndProject
Project("{F184B08F-C81C-45F6-A57F-5ABD9991F28F}") = "Voting Eligibility", "..\Voting Eligibility\Voting Eligibility\Voting Eligibility.vbproj", "{73F1DE42-67CA-4839-BA70-886FAE233796}"
EndProject
Global
	GlobalSection(SolutionConfigurationPlatforms) = preSolution
		Debug|Any CPU = Debug|Any CPU
		Debug|Mixed Platforms = Debug|Mixed Platforms
		Debug|x86 = Debug|x86
		Release|Any CPU = Release|Any CPU
		Release|Mixed Platforms = Release|Mixed Platforms
		Release|x86 = Release|x86
	EndGlobalSection
	GlobalSection(ProjectConfigurationPlatforms) = postSolution
		{A4EA2922-0599-4B8A-83E0-6333025FBF6C}.Debug|Any CPU.ActiveCfg = Debug|x86
		{A4EA2922-0599-4B8A-83E0-6333025FBF6C}.Debug|Mixed Platforms.ActiveCfg = Debug|x86
		{A4EA2922-0599-4B8A-83E0-6333025FBF6C}.Debug|Mixed Platforms.Build.0 = Debug|x86
		{A4EA2922-0599-4B8A-83E0-6333025FBF6C}.Debug|x86.ActiveCfg = Debug|x86
		{A4EA2922-0599-4B8A-83E0-6333025FBF6C}.Debug|x86.Build.0 = Debug|x86
		{A4EA2922-0599-4B8A-83E0-6333025FBF6C}.Release|Any CPU.ActiveCfg = Release|x86
		{A4EA2922-0599-4B8A-83E0-6333025FBF6C}.Release|Mixed Platforms.ActiveCfg = Release|x86
		{A4EA2922-0599-4B8A-83E0-6333025FBF6C}.Release|Mixed Platforms.Build.0 = Release|x86
		{A4EA2922-0599-4B8A-83E0-6333025FBF6C}.Release|x86.ActiveCfg = Release|x86
		{A4EA2922-0599-4B8A-83E0-6333025FBF6C}.Release|x86.Build.0 = Release|x86
		{89ADB51B-33F5-4D31-8DED-5B67B039F6F8}.Debug|Any CPU.ActiveCfg = Debug|Any CPU
		{89ADB51B-33F5-4D31-8DED-5B67B039F6F8}.Debug|Any CPU.Build.0 = Debug|Any CPU
		{89ADB51B-33F5-4D31-8DED-5B67B039F6F8}.Debug|Mixed Platforms.ActiveCfg = Debug|Any CPU
		{89ADB51B-33F5-4D31-8DED-5B67B039F6F8}.Debug|Mixed Platforms.Build.0 = Debug|Any CPU
		{89ADB51B-33F5-4D31-8DED-5B67B039F6F8}.Debug|x86.ActiveCfg = Debug|Any CPU
		{89ADB51B-33F5-4D31-8DED-5B67B039F6F8}.Release|Any CPU.ActiveCfg = Release|Any CPU
		{89ADB51B-33F5-4D31-8DED-5B67B039F6F8}.Release|Any CPU.Build.0 = Release|Any CPU
		{89ADB51B-33F5-4D31-8DED-5B67B039F6F8}.Release|Mixed Platforms.ActiveCfg = Release|Any CPU
		{89ADB51B-33F5-4D31-8DED-5B67B039F6F8}.Release|Mixed Platforms.Build.0 = Release|Any CPU
		{89ADB51B-33F5-4D31-8DED-5B67B039F6F8}.Release|x86.ActiveCfg = Release|Any CPU
		{064FD688-FB68-4EA8-9477-9E32B65B43E0}.Debug|Any CPU.ActiveCfg = Debug|x86
		{064FD688-FB68-4EA8-9477-9E32B65B43E0}.Debug|Mixed Platforms.ActiveCfg = Debug|x86
		{064FD688-FB68-4EA8-9477-9E32B65B43E0}.Debug|Mixed Platforms.Build.0 = Debug|x86
		{064FD688-FB68-4EA8-9477-9E32B65B43E0}.Debug|x86.ActiveCfg = Debug|x86
		{064FD688-FB68-4EA8-9477-9E32B65B43E0}.Debug|x86.Build.0 = Debug|x86
		{064FD688-FB68-4EA8-9477-9E32B65B43E0}.Release|Any CPU.ActiveCfg = Release|x86
		{064FD688-FB68-4EA8-9477-9E32B65B43E0}.Release|Mixed Platforms.ActiveCfg = Release|x86
		{064FD688-FB68-4EA8-9477-9E32B65B43E0}.Release|Mixed Platforms.Build.0 = Release|x86
		{064FD688-FB68-4EA8-9477-9E32B65B43E0}.Release|x86.ActiveCfg = Release|x86
		{064FD688-FB68-4EA8-9477-9E32B65B43E0}.Release|x86.Build.0 = Release|x86
		{73F1DE42-67CA-4839-BA70-886FAE233796}.Debug|Any CPU.ActiveCfg = Debug|Any CPU
		{73F1DE42-67CA-4839-BA70-886FAE233796}.Debug|Any CPU.Build.0 = Debug|Any CPU
		{73F1DE42-67CA-4839-BA70-886FAE233796}.Debug|Mixed Platforms.ActiveCfg = Debug|Any CPU
		{73F1DE42-67CA-4839-BA70-886FAE233796}.Debug|Mixed Platforms.Build.0 = Debug|Any CPU
		{73F1DE42-67CA-4839-BA70-886FAE233796}.Debug|x86.ActiveCfg = Debug|Any CPU
		{73F1DE42-67CA-4839-BA70-886FAE233796}.Release|Any CPU.ActiveCfg = Release|Any CPU
		{73F1DE42-67CA-4839-BA70-886FAE233796}.Release|Any CPU.Build.0 = Release|Any CPU
		{73F1DE42-67CA-4839-BA70-886FAE233796}.Release|Mixed Platforms.ActiveCfg = Release|Any CPU
		{73F1DE42-67CA-4839-BA70-886FAE233796}.Release|Mixed Platforms.Build.0 = Release|Any CPU
		{73F1DE42-67CA-4839-BA70-886FAE233796}.Release|x86.ActiveCfg = Release|Any CPU
	EndGlobalSection
	GlobalSection(SolutionProperties) = preSolution
		HideSolutionNode = FALSE
	EndGlobalSection
EndGlobal
