
Microsoft Visual Studio Solution File, Format Version 12.00
# Visual Studio 2012
Project("{F184B08F-C81C-45F6-A57F-5ABD9991F28F}") = "Voting Eligibility", "Voting Eligibility\Voting Eligibility.vbproj", "{73F1DE42-67CA-4839-BA70-886FAE233796}"
EndProject
Global
	GlobalSection(SolutionConfigurationPlatforms) = preSolution
		Debug|Any CPU = Debug|Any CPU
		Release|Any CPU = Release|Any CPU
	EndGlobalSection
	GlobalSection(ProjectConfigurationPlatforms) = postSolution
		{73F1DE42-67CA-4839-BA70-886FAE233796}.Debug|Any CPU.ActiveCfg = Debug|Any CPU
		{73F1DE42-67CA-4839-BA70-886FAE233796}.Debug|Any CPU.Build.0 = Debug|Any CPU
		{73F1DE42-67CA-4839-BA70-886FAE233796}.Release|Any CPU.ActiveCfg = Release|Any CPU
		{73F1DE42-67CA-4839-BA70-886FAE233796}.Release|Any CPU.Build.0 = Release|Any CPU
	EndGlobalSection
	GlobalSection(SolutionProperties) = preSolution
		HideSolutionNode = FALSE
	EndGlobalSection
EndGlobal
